
Microsoft Visual Studio Solution File, Format Version 12.00
# Visual Studio 15
VisualStudioVersion = 15.0.28010.2016
MinimumVisualStudioVersion = 10.0.40219.1
Project("{FAE04EC0-301F-11D3-BF4B-00C04F79EFBC}") = "p-01", "p-01\p-01.csproj", "{26A23523-75A8-4735-B1C2-7BC4C1746D72}"
EndProject
Project("{FAE04EC0-301F-11D3-BF4B-00C04F79EFBC}") = "p-02", "p-02\p-02.csproj", "{3291E65D-1A79-400D-8AC4-8AFB512824D8}"
EndProject
Project("{FAE04EC0-301F-11D3-BF4B-00C04F79EFBC}") = "p-03", "p-03\p-03.csproj", "{B74373CE-F2CE-45D1-A7EB-53007E9414B9}"
EndProject
Project("{FAE04EC0-301F-11D3-BF4B-00C04F79EFBC}") = "p-04", "p-04\p-04.csproj", "{0A7FDB70-49DD-4403-8108-C470108DDB19}"
EndProject
Project("{FAE04EC0-301F-11D3-BF4B-00C04F79EFBC}") = "p-05", "p-05\p-05.csproj", "{233FC9F7-0294-4656-AA73-172786613E54}"
EndProject
Global
	GlobalSection(SolutionConfigurationPlatforms) = preSolution
		Debug|Any CPU = Debug|Any CPU
		Release|Any CPU = Release|Any CPU
	EndGlobalSection
	GlobalSection(ProjectConfigurationPlatforms) = postSolution
		{26A23523-75A8-4735-B1C2-7BC4C1746D72}.Debug|Any CPU.ActiveCfg = Debug|Any CPU
		{26A23523-75A8-4735-B1C2-7BC4C1746D72}.Debug|Any CPU.Build.0 = Debug|Any CPU
		{26A23523-75A8-4735-B1C2-7BC4C1746D72}.Release|Any CPU.ActiveCfg = Release|Any CPU
		{26A23523-75A8-4735-B1C2-7BC4C1746D72}.Release|Any CPU.Build.0 = Release|Any CPU
		{3291E65D-1A79-400D-8AC4-8AFB512824D8}.Debug|Any CPU.ActiveCfg = Debug|Any CPU
		{3291E65D-1A79-400D-8AC4-8AFB512824D8}.Debug|Any CPU.Build.0 = Debug|Any CPU
		{3291E65D-1A79-400D-8AC4-8AFB512824D8}.Release|Any CPU.ActiveCfg = Release|Any CPU
		{3291E65D-1A79-400D-8AC4-8AFB512824D8}.Release|Any CPU.Build.0 = Release|Any CPU
		{B74373CE-F2CE-45D1-A7EB-53007E9414B9}.Debug|Any CPU.ActiveCfg = Debug|Any CPU
		{B74373CE-F2CE-45D1-A7EB-53007E9414B9}.Debug|Any CPU.Build.0 = Debug|Any CPU
		{B74373CE-F2CE-45D1-A7EB-53007E9414B9}.Release|Any CPU.ActiveCfg = Release|Any CPU
		{B74373CE-F2CE-45D1-A7EB-53007E9414B9}.Release|Any CPU.Build.0 = Release|Any CPU
		{0A7FDB70-49DD-4403-8108-C470108DDB19}.Debug|Any CPU.ActiveCfg = Debug|Any CPU
		{0A7FDB70-49DD-4403-8108-C470108DDB19}.Debug|Any CPU.Build.0 = Debug|Any CPU
		{0A7FDB70-49DD-4403-8108-C470108DDB19}.Release|Any CPU.ActiveCfg = Release|Any CPU
		{0A7FDB70-49DD-4403-8108-C470108DDB19}.Release|Any CPU.Build.0 = Release|Any CPU
		{233FC9F7-0294-4656-AA73-172786613E54}.Debug|Any CPU.ActiveCfg = Debug|Any CPU
		{233FC9F7-0294-4656-AA73-172786613E54}.Debug|Any CPU.Build.0 = Debug|Any CPU
		{233FC9F7-0294-4656-AA73-172786613E54}.Release|Any CPU.ActiveCfg = Release|Any CPU
		{233FC9F7-0294-4656-AA73-172786613E54}.Release|Any CPU.Build.0 = Release|Any CPU
	EndGlobalSection
	GlobalSection(SolutionProperties) = preSolution
		HideSolutionNode = FALSE
	EndGlobalSection
	GlobalSection(ExtensibilityGlobals) = postSolution
		SolutionGuid = {8F916A3B-243B-426D-993F-CEF4971FA5FB}
	EndGlobalSection
EndGlobal
