
Microsoft Visual Studio Solution File, Format Version 12.00
# Visual Studio 15
VisualStudioVersion = 15.0.28010.2016
MinimumVisualStudioVersion = 10.0.40219.1
Project("{FAE04EC0-301F-11D3-BF4B-00C04F79EFBC}") = "p-01", "p-01\p-01.csproj", "{897D3280-2D5B-40A6-A159-9812285F8574}"
EndProject
Project("{FAE04EC0-301F-11D3-BF4B-00C04F79EFBC}") = "p-02", "p-02\p-02.csproj", "{58616424-FDF6-4891-B9DB-692F6EBC0D90}"
EndProject
Project("{FAE04EC0-301F-11D3-BF4B-00C04F79EFBC}") = "p-03", "p-03\p-03.csproj", "{6840C9A4-3122-4237-8B51-8A0FE5C7E91A}"
EndProject
Project("{FAE04EC0-301F-11D3-BF4B-00C04F79EFBC}") = "p-04", "p-04\p-04.csproj", "{6E8BC2EF-A8A1-49D9-AB65-2B62B0457D25}"
EndProject
Project("{FAE04EC0-301F-11D3-BF4B-00C04F79EFBC}") = "p-05", "p-05\p-05.csproj", "{D842872B-329E-484F-AB66-35EB3DD4871D}"
EndProject
Global
	GlobalSection(SolutionConfigurationPlatforms) = preSolution
		Debug|Any CPU = Debug|Any CPU
		Release|Any CPU = Release|Any CPU
	EndGlobalSection
	GlobalSection(ProjectConfigurationPlatforms) = postSolution
		{897D3280-2D5B-40A6-A159-9812285F8574}.Debug|Any CPU.ActiveCfg = Debug|Any CPU
		{897D3280-2D5B-40A6-A159-9812285F8574}.Debug|Any CPU.Build.0 = Debug|Any CPU
		{897D3280-2D5B-40A6-A159-9812285F8574}.Release|Any CPU.ActiveCfg = Release|Any CPU
		{897D3280-2D5B-40A6-A159-9812285F8574}.Release|Any CPU.Build.0 = Release|Any CPU
		{58616424-FDF6-4891-B9DB-692F6EBC0D90}.Debug|Any CPU.ActiveCfg = Debug|Any CPU
		{58616424-FDF6-4891-B9DB-692F6EBC0D90}.Debug|Any CPU.Build.0 = Debug|Any CPU
		{58616424-FDF6-4891-B9DB-692F6EBC0D90}.Release|Any CPU.ActiveCfg = Release|Any CPU
		{58616424-FDF6-4891-B9DB-692F6EBC0D90}.Release|Any CPU.Build.0 = Release|Any CPU
		{6840C9A4-3122-4237-8B51-8A0FE5C7E91A}.Debug|Any CPU.ActiveCfg = Debug|Any CPU
		{6840C9A4-3122-4237-8B51-8A0FE5C7E91A}.Debug|Any CPU.Build.0 = Debug|Any CPU
		{6840C9A4-3122-4237-8B51-8A0FE5C7E91A}.Release|Any CPU.ActiveCfg = Release|Any CPU
		{6840C9A4-3122-4237-8B51-8A0FE5C7E91A}.Release|Any CPU.Build.0 = Release|Any CPU
		{6E8BC2EF-A8A1-49D9-AB65-2B62B0457D25}.Debug|Any CPU.ActiveCfg = Debug|Any CPU
		{6E8BC2EF-A8A1-49D9-AB65-2B62B0457D25}.Debug|Any CPU.Build.0 = Debug|Any CPU
		{6E8BC2EF-A8A1-49D9-AB65-2B62B0457D25}.Release|Any CPU.ActiveCfg = Release|Any CPU
		{6E8BC2EF-A8A1-49D9-AB65-2B62B0457D25}.Release|Any CPU.Build.0 = Release|Any CPU
		{D842872B-329E-484F-AB66-35EB3DD4871D}.Debug|Any CPU.ActiveCfg = Debug|Any CPU
		{D842872B-329E-484F-AB66-35EB3DD4871D}.Debug|Any CPU.Build.0 = Debug|Any CPU
		{D842872B-329E-484F-AB66-35EB3DD4871D}.Release|Any CPU.ActiveCfg = Release|Any CPU
		{D842872B-329E-484F-AB66-35EB3DD4871D}.Release|Any CPU.Build.0 = Release|Any CPU
	EndGlobalSection
	GlobalSection(SolutionProperties) = preSolution
		HideSolutionNode = FALSE
	EndGlobalSection
	GlobalSection(ExtensibilityGlobals) = postSolution
		SolutionGuid = {1EE8A6F3-58E7-4B63-96DC-868D137E0A28}
	EndGlobalSection
EndGlobal
