
Microsoft Visual Studio Solution File, Format Version 12.00
# Visual Studio 15
VisualStudioVersion = 15.0.28010.2016
MinimumVisualStudioVersion = 10.0.40219.1
Project("{FAE04EC0-301F-11D3-BF4B-00C04F79EFBC}") = "p-01", "p-01\p-01.csproj", "{7F5DE14D-49F6-4CAE-A8F3-879086AEADC2}"
EndProject
Project("{FAE04EC0-301F-11D3-BF4B-00C04F79EFBC}") = "p-02", "p-02\p-02.csproj", "{CF570550-A446-469D-8E30-F79B7CD22B34}"
EndProject
Project("{FAE04EC0-301F-11D3-BF4B-00C04F79EFBC}") = "p-03", "p-03\p-03.csproj", "{C92F8331-FF50-4BBA-A2C4-A2D5C7C4BAD7}"
EndProject
Global
	GlobalSection(SolutionConfigurationPlatforms) = preSolution
		Debug|Any CPU = Debug|Any CPU
		Release|Any CPU = Release|Any CPU
	EndGlobalSection
	GlobalSection(ProjectConfigurationPlatforms) = postSolution
		{7F5DE14D-49F6-4CAE-A8F3-879086AEADC2}.Debug|Any CPU.ActiveCfg = Debug|Any CPU
		{7F5DE14D-49F6-4CAE-A8F3-879086AEADC2}.Debug|Any CPU.Build.0 = Debug|Any CPU
		{7F5DE14D-49F6-4CAE-A8F3-879086AEADC2}.Release|Any CPU.ActiveCfg = Release|Any CPU
		{7F5DE14D-49F6-4CAE-A8F3-879086AEADC2}.Release|Any CPU.Build.0 = Release|Any CPU
		{CF570550-A446-469D-8E30-F79B7CD22B34}.Debug|Any CPU.ActiveCfg = Debug|Any CPU
		{CF570550-A446-469D-8E30-F79B7CD22B34}.Debug|Any CPU.Build.0 = Debug|Any CPU
		{CF570550-A446-469D-8E30-F79B7CD22B34}.Release|Any CPU.ActiveCfg = Release|Any CPU
		{CF570550-A446-469D-8E30-F79B7CD22B34}.Release|Any CPU.Build.0 = Release|Any CPU
		{C92F8331-FF50-4BBA-A2C4-A2D5C7C4BAD7}.Debug|Any CPU.ActiveCfg = Debug|Any CPU
		{C92F8331-FF50-4BBA-A2C4-A2D5C7C4BAD7}.Debug|Any CPU.Build.0 = Debug|Any CPU
		{C92F8331-FF50-4BBA-A2C4-A2D5C7C4BAD7}.Release|Any CPU.ActiveCfg = Release|Any CPU
		{C92F8331-FF50-4BBA-A2C4-A2D5C7C4BAD7}.Release|Any CPU.Build.0 = Release|Any CPU
	EndGlobalSection
	GlobalSection(SolutionProperties) = preSolution
		HideSolutionNode = FALSE
	EndGlobalSection
	GlobalSection(ExtensibilityGlobals) = postSolution
		SolutionGuid = {ACC1E14F-F73D-4FED-A74F-B8ADA2C7180B}
	EndGlobalSection
EndGlobal
